
Microsoft Visual Studio Solution File, Format Version 12.00
# Visual Studio Version 17
VisualStudioVersion = 17.3.32922.545
MinimumVisualStudioVersion = 15.0.26124.0
Project("{2150E333-8FDC-42A3-9474-1A3956D46DE8}") = "src", "src", "{B73801C2-972F-48CD-A47A-87A4544953E2}"
EndProject
Project("{9A19103F-16F7-4668-BE54-9A1E7A4F7556}") = "Serilog.Sinks.InMemory", "src\Serilog.Sinks.InMemory\Serilog.Sinks.InMemory.csproj", "{44E5F5AC-4A34-4FFF-842C-DE76717D0997}"
EndProject
Project("{2150E333-8FDC-42A3-9474-1A3956D46DE8}") = "test", "test", "{056C07B9-CAD5-4F92-8A24-FBDFDCBA0DDD}"
EndProject
Project("{9A19103F-16F7-4668-BE54-9A1E7A4F7556}") = "Serilog.Sinks.InMemory.Tests.Unit", "test\Serilog.Sinks.InMemory.Tests.Unit\Serilog.Sinks.InMemory.Tests.Unit.csproj", "{32BA2907-C3CD-4957-88EE-C64FA6CFC7E3}"
EndProject
Project("{9A19103F-16F7-4668-BE54-9A1E7A4F7556}") = "Serilog.Sinks.InMemory.Assertions", "src\Serilog.Sinks.InMemory.Assertions\Serilog.Sinks.InMemory.Assertions.csproj", "{57388B94-C61A-48CA-B7B7-9E82233DB7ED}"
	ProjectSection(ProjectDependencies) = postProject
		{9E980ECF-E1CF-4121-83D2-800441F98EF7} = {9E980ECF-E1CF-4121-83D2-800441F98EF7}
		{0092D58A-402D-43F5-A20C-B5BADE049CE8} = {0092D58A-402D-43F5-A20C-B5BADE049CE8}
		{610ADB4E-1975-44CF-A30B-53F96DF35704} = {610ADB4E-1975-44CF-A30B-53F96DF35704}
	EndProjectSection
EndProject
Project("{9A19103F-16F7-4668-BE54-9A1E7A4F7556}") = "Serilog.Sinks.InMemory.Assertions.Tests.Unit.FluentAssertions5", "test\Serilog.Sinks.InMemory.Assertions.Tests.Unit.FluentAssertions5\Serilog.Sinks.InMemory.Assertions.Tests.Unit.FluentAssertions5.csproj", "{B2B802A5-04A4-4844-8A3E-CCEC78101C1C}"
EndProject
Project("{2150E333-8FDC-42A3-9474-1A3956D46DE8}") = "Solution Items", "Solution Items", "{14ACDCFC-205B-4918-AABC-4E97E46D8BD5}"
	ProjectSection(SolutionItems) = preProject
		Changelog.md = Changelog.md
		Directory.Build.props = Directory.Build.props
		README.md = README.md
	EndProjectSection
EndProject
Project("{9A19103F-16F7-4668-BE54-9A1E7A4F7556}") = "Serilog.Sinks.InMemory.Assertions.Tests.Unit.FluentAssertions6", "test\Serilog.Sinks.InMemory.Assertions.Tests.Unit.FluentAssertions6\Serilog.Sinks.InMemory.Assertions.Tests.Unit.FluentAssertions6.csproj", "{F65ECEEE-4461-48EE-98BE-003BBC716FC5}"
EndProject
Project("{9A19103F-16F7-4668-BE54-9A1E7A4F7556}") = "Serilog.Sinks.InMemory.Assertions.Tests.Unit.FluentAssertions8", "test\Serilog.Sinks.InMemory.Assertions.Tests.Unit.FluentAssertions8\Serilog.Sinks.InMemory.Assertions.Tests.Unit.FluentAssertions8.csproj", "{F759DDF5-0852-4D3E-965C-13F5DDD6DA0B}"
EndProject
Project("{9A19103F-16F7-4668-BE54-9A1E7A4F7556}") = "Serilog.Sinks.InMemory.FluentAssertions6", "src\Serilog.Sinks.InMemory.FluentAssertions6\Serilog.Sinks.InMemory.FluentAssertions6.csproj", "{0092D58A-402D-43F5-A20C-B5BADE049CE8}"
EndProject
Project("{9A19103F-16F7-4668-BE54-9A1E7A4F7556}") = "Serilog.Sinks.InMemory.FluentAssertions8", "src\Serilog.Sinks.InMemory.FluentAssertions8\Serilog.Sinks.InMemory.FluentAssertions8.csproj", "{610ADB4E-1975-44CF-A30B-53F96DF35704}"
EndProject
Project("{9A19103F-16F7-4668-BE54-9A1E7A4F7556}") = "Serilog.Sinks.InMemory.Assertions.Abstractions", "src\Serilog.Sinks.InMemory.Assertions.Abstractions\Serilog.Sinks.InMemory.Assertions.Abstractions.csproj", "{6718197F-6C67-4534-9296-36E0F120EB47}"
EndProject
Project("{9A19103F-16F7-4668-BE54-9A1E7A4F7556}") = "Serilog.Sinks.InMemory.FluentAssertions5", "src\Serilog.Sinks.InMemory.FluentAssertions5\Serilog.Sinks.InMemory.FluentAssertions5.csproj", "{9E980ECF-E1CF-4121-83D2-800441F98EF7}"
EndProject
Project("{2150E333-8FDC-42A3-9474-1A3956D46DE8}") = "Serilog.Sinks.InMemory.Assertions.Tests.Unit", "Serilog.Sinks.InMemory.Assertions.Tests.Unit", "{95F4D271-188F-48F9-BDB8-FD59BE4BFB30}"
	ProjectSection(SolutionItems) = preProject
		test\Serilog.Sinks.InMemory.Assertions.Tests.Unit\Repro.cs = test\Serilog.Sinks.InMemory.Assertions.Tests.Unit\Repro.cs
		test\Serilog.Sinks.InMemory.Assertions.Tests.Unit\WhenAssertingAndSInkIsWrittenTo.cs = test\Serilog.Sinks.InMemory.Assertions.Tests.Unit\WhenAssertingAndSInkIsWrittenTo.cs
		test\Serilog.Sinks.InMemory.Assertions.Tests.Unit\WhenAssertingLogEventHasLevel.cs = test\Serilog.Sinks.InMemory.Assertions.Tests.Unit\WhenAssertingLogEventHasLevel.cs
		test\Serilog.Sinks.InMemory.Assertions.Tests.Unit\WhenAssertingLogEventsExist.cs = test\Serilog.Sinks.InMemory.Assertions.Tests.Unit\WhenAssertingLogEventsExist.cs
		test\Serilog.Sinks.InMemory.Assertions.Tests.Unit\WhenAssertingMessageExistsThatContainsPattern.cs = test\Serilog.Sinks.InMemory.Assertions.Tests.Unit\WhenAssertingMessageExistsThatContainsPattern.cs
		test\Serilog.Sinks.InMemory.Assertions.Tests.Unit\WhenAssertingPropertyValuesOnMultipleMessages.cs = test\Serilog.Sinks.InMemory.Assertions.Tests.Unit\WhenAssertingPropertyValuesOnMultipleMessages.cs
		test\Serilog.Sinks.InMemory.Assertions.Tests.Unit\WhenAssertingScalarLogPropertyExists.cs = test\Serilog.Sinks.InMemory.Assertions.Tests.Unit\WhenAssertingScalarLogPropertyExists.cs
		test\Serilog.Sinks.InMemory.Assertions.Tests.Unit\WhenAssertingStructuredLogPropertyExists.cs = test\Serilog.Sinks.InMemory.Assertions.Tests.Unit\WhenAssertingStructuredLogPropertyExists.cs
	EndProjectSection
EndProject
Project("{9A19103F-16F7-4668-BE54-9A1E7A4F7556}") = "Serilog.Sinks.InMemory.FluentAssertions7", "src\Serilog.Sinks.InMemory.FluentAssertions7\Serilog.Sinks.InMemory.FluentAssertions7.csproj", "{3EDF7A6B-C2D5-462C-898A-4293B3BE45D3}"
EndProject
Project("{9A19103F-16F7-4668-BE54-9A1E7A4F7556}") = "Serilog.Sinks.InMemory.Assertions.Tests.Unit.FluentAssertions7", "test\Serilog.Sinks.InMemory.Assertions.Tests.Unit.FluentAssertions7\Serilog.Sinks.InMemory.Assertions.Tests.Unit.FluentAssertions7.csproj", "{63DF819E-0BF0-40EE-B94B-515BCF8041B9}"
EndProject
Project("{9A19103F-16F7-4668-BE54-9A1E7A4F7556}") = "Serilog.Sinks.InMemory.AwesomeAssertions8", "src\Serilog.Sinks.InMemory.AwesomeAssertions8\Serilog.Sinks.InMemory.AwesomeAssertions8.csproj", "{5136DCA2-E485-4EB1-961C-AD3CC9593946}"
EndProject
Project("{FAE04EC0-301F-11D3-BF4B-00C04F79EFBC}") = "Serilog.Sinks.InMemory.Assertions.Tests.Unit.AwesomeAssertions8", "test\Serilog.Sinks.InMemory.Assertions.Tests.Unit.AwesomeAssertions8\Serilog.Sinks.InMemory.Assertions.Tests.Unit.AwesomeAssertions8.csproj", "{251A7F28-0166-49BB-AC4C-F72004FE14CC}"
EndProject
Project("{FAE04EC0-301F-11D3-BF4B-00C04F79EFBC}") = "Serilog.Sinks.InMemory.Assertions.Tests.Unit.Shouldly4", "test\Serilog.Sinks.InMemory.Assertions.Tests.Unit.Shouldly4\Serilog.Sinks.InMemory.Assertions.Tests.Unit.Shouldly4.csproj", "{47696446-67B1-4011-AF4F-AC742A60C7F6}"
EndProject
Project("{FAE04EC0-301F-11D3-BF4B-00C04F79EFBC}") = "Serilog.Sinks.InMemory.Shouldly4", "src\Serilog.Sinks.InMemory.Shouldly4\Serilog.Sinks.InMemory.Shouldly4.csproj", "{AD9FB993-5657-464E-A3B4-D8163F1AF7C4}"
EndProject
Global
	GlobalSection(SolutionConfigurationPlatforms) = preSolution
		Debug|Any CPU = Debug|Any CPU
		Debug|x64 = Debug|x64
		Debug|x86 = Debug|x86
		Release|Any CPU = Release|Any CPU
		Release|x64 = Release|x64
		Release|x86 = Release|x86
	EndGlobalSection
	GlobalSection(ProjectConfigurationPlatforms) = postSolution
		{44E5F5AC-4A34-4FFF-842C-DE76717D0997}.Debug|Any CPU.ActiveCfg = Debug|Any CPU
		{44E5F5AC-4A34-4FFF-842C-DE76717D0997}.Debug|Any CPU.Build.0 = Debug|Any CPU
		{44E5F5AC-4A34-4FFF-842C-DE76717D0997}.Debug|x64.ActiveCfg = Debug|Any CPU
		{44E5F5AC-4A34-4FFF-842C-DE76717D0997}.Debug|x64.Build.0 = Debug|Any CPU
		{44E5F5AC-4A34-4FFF-842C-DE76717D0997}.Debug|x86.ActiveCfg = Debug|Any CPU
		{44E5F5AC-4A34-4FFF-842C-DE76717D0997}.Debug|x86.Build.0 = Debug|Any CPU
		{44E5F5AC-4A34-4FFF-842C-DE76717D0997}.Release|Any CPU.ActiveCfg = Release|Any CPU
		{44E5F5AC-4A34-4FFF-842C-DE76717D0997}.Release|Any CPU.Build.0 = Release|Any CPU
		{44E5F5AC-4A34-4FFF-842C-DE76717D0997}.Release|x64.ActiveCfg = Release|Any CPU
		{44E5F5AC-4A34-4FFF-842C-DE76717D0997}.Release|x64.Build.0 = Release|Any CPU
		{44E5F5AC-4A34-4FFF-842C-DE76717D0997}.Release|x86.ActiveCfg = Release|Any CPU
		{44E5F5AC-4A34-4FFF-842C-DE76717D0997}.Release|x86.Build.0 = Release|Any CPU
		{32BA2907-C3CD-4957-88EE-C64FA6CFC7E3}.Debug|Any CPU.ActiveCfg = Debug|Any CPU
		{32BA2907-C3CD-4957-88EE-C64FA6CFC7E3}.Debug|Any CPU.Build.0 = Debug|Any CPU
		{32BA2907-C3CD-4957-88EE-C64FA6CFC7E3}.Debug|x64.ActiveCfg = Debug|Any CPU
		{32BA2907-C3CD-4957-88EE-C64FA6CFC7E3}.Debug|x64.Build.0 = Debug|Any CPU
		{32BA2907-C3CD-4957-88EE-C64FA6CFC7E3}.Debug|x86.ActiveCfg = Debug|Any CPU
		{32BA2907-C3CD-4957-88EE-C64FA6CFC7E3}.Debug|x86.Build.0 = Debug|Any CPU
		{32BA2907-C3CD-4957-88EE-C64FA6CFC7E3}.Release|Any CPU.ActiveCfg = Release|Any CPU
		{32BA2907-C3CD-4957-88EE-C64FA6CFC7E3}.Release|Any CPU.Build.0 = Release|Any CPU
		{32BA2907-C3CD-4957-88EE-C64FA6CFC7E3}.Release|x64.ActiveCfg = Release|Any CPU
		{32BA2907-C3CD-4957-88EE-C64FA6CFC7E3}.Release|x64.Build.0 = Release|Any CPU
		{32BA2907-C3CD-4957-88EE-C64FA6CFC7E3}.Release|x86.ActiveCfg = Release|Any CPU
		{32BA2907-C3CD-4957-88EE-C64FA6CFC7E3}.Release|x86.Build.0 = Release|Any CPU
		{57388B94-C61A-48CA-B7B7-9E82233DB7ED}.Debug|Any CPU.ActiveCfg = Debug|Any CPU
		{57388B94-C61A-48CA-B7B7-9E82233DB7ED}.Debug|Any CPU.Build.0 = Debug|Any CPU
		{57388B94-C61A-48CA-B7B7-9E82233DB7ED}.Debug|x64.ActiveCfg = Debug|Any CPU
		{57388B94-C61A-48CA-B7B7-9E82233DB7ED}.Debug|x64.Build.0 = Debug|Any CPU
		{57388B94-C61A-48CA-B7B7-9E82233DB7ED}.Debug|x86.ActiveCfg = Debug|Any CPU
		{57388B94-C61A-48CA-B7B7-9E82233DB7ED}.Debug|x86.Build.0 = Debug|Any CPU
		{57388B94-C61A-48CA-B7B7-9E82233DB7ED}.Release|Any CPU.ActiveCfg = Release|Any CPU
		{57388B94-C61A-48CA-B7B7-9E82233DB7ED}.Release|Any CPU.Build.0 = Release|Any CPU
		{57388B94-C61A-48CA-B7B7-9E82233DB7ED}.Release|x64.ActiveCfg = Release|Any CPU
		{57388B94-C61A-48CA-B7B7-9E82233DB7ED}.Release|x64.Build.0 = Release|Any CPU
		{57388B94-C61A-48CA-B7B7-9E82233DB7ED}.Release|x86.ActiveCfg = Release|Any CPU
		{57388B94-C61A-48CA-B7B7-9E82233DB7ED}.Release|x86.Build.0 = Release|Any CPU
		{B2B802A5-04A4-4844-8A3E-CCEC78101C1C}.Debug|Any CPU.ActiveCfg = Debug|Any CPU
		{B2B802A5-04A4-4844-8A3E-CCEC78101C1C}.Debug|Any CPU.Build.0 = Debug|Any CPU
		{B2B802A5-04A4-4844-8A3E-CCEC78101C1C}.Debug|x64.ActiveCfg = Debug|Any CPU
		{B2B802A5-04A4-4844-8A3E-CCEC78101C1C}.Debug|x64.Build.0 = Debug|Any CPU
		{B2B802A5-04A4-4844-8A3E-CCEC78101C1C}.Debug|x86.ActiveCfg = Debug|Any CPU
		{B2B802A5-04A4-4844-8A3E-CCEC78101C1C}.Debug|x86.Build.0 = Debug|Any CPU
		{B2B802A5-04A4-4844-8A3E-CCEC78101C1C}.Release|Any CPU.ActiveCfg = Release|Any CPU
		{B2B802A5-04A4-4844-8A3E-CCEC78101C1C}.Release|Any CPU.Build.0 = Release|Any CPU
		{B2B802A5-04A4-4844-8A3E-CCEC78101C1C}.Release|x64.ActiveCfg = Release|Any CPU
		{B2B802A5-04A4-4844-8A3E-CCEC78101C1C}.Release|x64.Build.0 = Release|Any CPU
		{B2B802A5-04A4-4844-8A3E-CCEC78101C1C}.Release|x86.ActiveCfg = Release|Any CPU
		{B2B802A5-04A4-4844-8A3E-CCEC78101C1C}.Release|x86.Build.0 = Release|Any CPU
		{F65ECEEE-4461-48EE-98BE-003BBC716FC5}.Debug|Any CPU.ActiveCfg = Debug|Any CPU
		{F65ECEEE-4461-48EE-98BE-003BBC716FC5}.Debug|Any CPU.Build.0 = Debug|Any CPU
		{F65ECEEE-4461-48EE-98BE-003BBC716FC5}.Debug|x64.ActiveCfg = Debug|Any CPU
		{F65ECEEE-4461-48EE-98BE-003BBC716FC5}.Debug|x64.Build.0 = Debug|Any CPU
		{F65ECEEE-4461-48EE-98BE-003BBC716FC5}.Debug|x86.ActiveCfg = Debug|Any CPU
		{F65ECEEE-4461-48EE-98BE-003BBC716FC5}.Debug|x86.Build.0 = Debug|Any CPU
		{F65ECEEE-4461-48EE-98BE-003BBC716FC5}.Release|Any CPU.ActiveCfg = Release|Any CPU
		{F65ECEEE-4461-48EE-98BE-003BBC716FC5}.Release|Any CPU.Build.0 = Release|Any CPU
		{F65ECEEE-4461-48EE-98BE-003BBC716FC5}.Release|x64.ActiveCfg = Release|Any CPU
		{F65ECEEE-4461-48EE-98BE-003BBC716FC5}.Release|x64.Build.0 = Release|Any CPU
		{F65ECEEE-4461-48EE-98BE-003BBC716FC5}.Release|x86.ActiveCfg = Release|Any CPU
		{F65ECEEE-4461-48EE-98BE-003BBC716FC5}.Release|x86.Build.0 = Release|Any CPU
		{F759DDF5-0852-4D3E-965C-13F5DDD6DA0B}.Debug|Any CPU.ActiveCfg = Debug|Any CPU
		{F759DDF5-0852-4D3E-965C-13F5DDD6DA0B}.Debug|Any CPU.Build.0 = Debug|Any CPU
		{F759DDF5-0852-4D3E-965C-13F5DDD6DA0B}.Debug|x64.ActiveCfg = Debug|Any CPU
		{F759DDF5-0852-4D3E-965C-13F5DDD6DA0B}.Debug|x64.Build.0 = Debug|Any CPU
		{F759DDF5-0852-4D3E-965C-13F5DDD6DA0B}.Debug|x86.ActiveCfg = Debug|Any CPU
		{F759DDF5-0852-4D3E-965C-13F5DDD6DA0B}.Debug|x86.Build.0 = Debug|Any CPU
		{F759DDF5-0852-4D3E-965C-13F5DDD6DA0B}.Release|Any CPU.ActiveCfg = Release|Any CPU
		{F759DDF5-0852-4D3E-965C-13F5DDD6DA0B}.Release|Any CPU.Build.0 = Release|Any CPU
		{F759DDF5-0852-4D3E-965C-13F5DDD6DA0B}.Release|x64.ActiveCfg = Release|Any CPU
		{F759DDF5-0852-4D3E-965C-13F5DDD6DA0B}.Release|x64.Build.0 = Release|Any CPU
		{F759DDF5-0852-4D3E-965C-13F5DDD6DA0B}.Release|x86.ActiveCfg = Release|Any CPU
		{F759DDF5-0852-4D3E-965C-13F5DDD6DA0B}.Release|x86.Build.0 = Release|Any CPU
		{0092D58A-402D-43F5-A20C-B5BADE049CE8}.Debug|Any CPU.ActiveCfg = Debug|Any CPU
		{0092D58A-402D-43F5-A20C-B5BADE049CE8}.Debug|Any CPU.Build.0 = Debug|Any CPU
		{0092D58A-402D-43F5-A20C-B5BADE049CE8}.Debug|x64.ActiveCfg = Debug|Any CPU
		{0092D58A-402D-43F5-A20C-B5BADE049CE8}.Debug|x64.Build.0 = Debug|Any CPU
		{0092D58A-402D-43F5-A20C-B5BADE049CE8}.Debug|x86.ActiveCfg = Debug|Any CPU
		{0092D58A-402D-43F5-A20C-B5BADE049CE8}.Debug|x86.Build.0 = Debug|Any CPU
		{0092D58A-402D-43F5-A20C-B5BADE049CE8}.Release|Any CPU.ActiveCfg = Release|Any CPU
		{0092D58A-402D-43F5-A20C-B5BADE049CE8}.Release|Any CPU.Build.0 = Release|Any CPU
		{0092D58A-402D-43F5-A20C-B5BADE049CE8}.Release|x64.ActiveCfg = Release|Any CPU
		{0092D58A-402D-43F5-A20C-B5BADE049CE8}.Release|x64.Build.0 = Release|Any CPU
		{0092D58A-402D-43F5-A20C-B5BADE049CE8}.Release|x86.ActiveCfg = Release|Any CPU
		{0092D58A-402D-43F5-A20C-B5BADE049CE8}.Release|x86.Build.0 = Release|Any CPU
		{610ADB4E-1975-44CF-A30B-53F96DF35704}.Debug|Any CPU.ActiveCfg = Debug|Any CPU
		{610ADB4E-1975-44CF-A30B-53F96DF35704}.Debug|Any CPU.Build.0 = Debug|Any CPU
		{610ADB4E-1975-44CF-A30B-53F96DF35704}.Debug|x64.ActiveCfg = Debug|Any CPU
		{610ADB4E-1975-44CF-A30B-53F96DF35704}.Debug|x64.Build.0 = Debug|Any CPU
		{610ADB4E-1975-44CF-A30B-53F96DF35704}.Debug|x86.ActiveCfg = Debug|Any CPU
		{610ADB4E-1975-44CF-A30B-53F96DF35704}.Debug|x86.Build.0 = Debug|Any CPU
		{610ADB4E-1975-44CF-A30B-53F96DF35704}.Release|Any CPU.ActiveCfg = Release|Any CPU
		{610ADB4E-1975-44CF-A30B-53F96DF35704}.Release|Any CPU.Build.0 = Release|Any CPU
		{610ADB4E-1975-44CF-A30B-53F96DF35704}.Release|x64.ActiveCfg = Release|Any CPU
		{610ADB4E-1975-44CF-A30B-53F96DF35704}.Release|x64.Build.0 = Release|Any CPU
		{610ADB4E-1975-44CF-A30B-53F96DF35704}.Release|x86.ActiveCfg = Release|Any CPU
		{610ADB4E-1975-44CF-A30B-53F96DF35704}.Release|x86.Build.0 = Release|Any CPU
		{6718197F-6C67-4534-9296-36E0F120EB47}.Debug|Any CPU.ActiveCfg = Debug|Any CPU
		{6718197F-6C67-4534-9296-36E0F120EB47}.Debug|Any CPU.Build.0 = Debug|Any CPU
		{6718197F-6C67-4534-9296-36E0F120EB47}.Debug|x64.ActiveCfg = Debug|Any CPU
		{6718197F-6C67-4534-9296-36E0F120EB47}.Debug|x64.Build.0 = Debug|Any CPU
		{6718197F-6C67-4534-9296-36E0F120EB47}.Debug|x86.ActiveCfg = Debug|Any CPU
		{6718197F-6C67-4534-9296-36E0F120EB47}.Debug|x86.Build.0 = Debug|Any CPU
		{6718197F-6C67-4534-9296-36E0F120EB47}.Release|Any CPU.ActiveCfg = Release|Any CPU
		{6718197F-6C67-4534-9296-36E0F120EB47}.Release|Any CPU.Build.0 = Release|Any CPU
		{6718197F-6C67-4534-9296-36E0F120EB47}.Release|x64.ActiveCfg = Release|Any CPU
		{6718197F-6C67-4534-9296-36E0F120EB47}.Release|x64.Build.0 = Release|Any CPU
		{6718197F-6C67-4534-9296-36E0F120EB47}.Release|x86.ActiveCfg = Release|Any CPU
		{6718197F-6C67-4534-9296-36E0F120EB47}.Release|x86.Build.0 = Release|Any CPU
		{9E980ECF-E1CF-4121-83D2-800441F98EF7}.Debug|Any CPU.ActiveCfg = Debug|Any CPU
		{9E980ECF-E1CF-4121-83D2-800441F98EF7}.Debug|Any CPU.Build.0 = Debug|Any CPU
		{9E980ECF-E1CF-4121-83D2-800441F98EF7}.Debug|x64.ActiveCfg = Debug|Any CPU
		{9E980ECF-E1CF-4121-83D2-800441F98EF7}.Debug|x64.Build.0 = Debug|Any CPU
		{9E980ECF-E1CF-4121-83D2-800441F98EF7}.Debug|x86.ActiveCfg = Debug|Any CPU
		{9E980ECF-E1CF-4121-83D2-800441F98EF7}.Debug|x86.Build.0 = Debug|Any CPU
		{9E980ECF-E1CF-4121-83D2-800441F98EF7}.Release|Any CPU.ActiveCfg = Release|Any CPU
		{9E980ECF-E1CF-4121-83D2-800441F98EF7}.Release|Any CPU.Build.0 = Release|Any CPU
		{9E980ECF-E1CF-4121-83D2-800441F98EF7}.Release|x64.ActiveCfg = Release|Any CPU
		{9E980ECF-E1CF-4121-83D2-800441F98EF7}.Release|x64.Build.0 = Release|Any CPU
		{9E980ECF-E1CF-4121-83D2-800441F98EF7}.Release|x86.ActiveCfg = Release|Any CPU
		{9E980ECF-E1CF-4121-83D2-800441F98EF7}.Release|x86.Build.0 = Release|Any CPU
		{3EDF7A6B-C2D5-462C-898A-4293B3BE45D3}.Debug|Any CPU.ActiveCfg = Debug|Any CPU
		{3EDF7A6B-C2D5-462C-898A-4293B3BE45D3}.Debug|Any CPU.Build.0 = Debug|Any CPU
		{3EDF7A6B-C2D5-462C-898A-4293B3BE45D3}.Debug|x64.ActiveCfg = Debug|Any CPU
		{3EDF7A6B-C2D5-462C-898A-4293B3BE45D3}.Debug|x64.Build.0 = Debug|Any CPU
		{3EDF7A6B-C2D5-462C-898A-4293B3BE45D3}.Debug|x86.ActiveCfg = Debug|Any CPU
		{3EDF7A6B-C2D5-462C-898A-4293B3BE45D3}.Debug|x86.Build.0 = Debug|Any CPU
		{3EDF7A6B-C2D5-462C-898A-4293B3BE45D3}.Release|Any CPU.ActiveCfg = Release|Any CPU
		{3EDF7A6B-C2D5-462C-898A-4293B3BE45D3}.Release|Any CPU.Build.0 = Release|Any CPU
		{3EDF7A6B-C2D5-462C-898A-4293B3BE45D3}.Release|x64.ActiveCfg = Release|Any CPU
		{3EDF7A6B-C2D5-462C-898A-4293B3BE45D3}.Release|x64.Build.0 = Release|Any CPU
		{3EDF7A6B-C2D5-462C-898A-4293B3BE45D3}.Release|x86.ActiveCfg = Release|Any CPU
		{3EDF7A6B-C2D5-462C-898A-4293B3BE45D3}.Release|x86.Build.0 = Release|Any CPU
		{63DF819E-0BF0-40EE-B94B-515BCF8041B9}.Debug|Any CPU.ActiveCfg = Debug|Any CPU
		{63DF819E-0BF0-40EE-B94B-515BCF8041B9}.Debug|Any CPU.Build.0 = Debug|Any CPU
		{63DF819E-0BF0-40EE-B94B-515BCF8041B9}.Debug|x64.ActiveCfg = Debug|Any CPU
		{63DF819E-0BF0-40EE-B94B-515BCF8041B9}.Debug|x64.Build.0 = Debug|Any CPU
		{63DF819E-0BF0-40EE-B94B-515BCF8041B9}.Debug|x86.ActiveCfg = Debug|Any CPU
		{63DF819E-0BF0-40EE-B94B-515BCF8041B9}.Debug|x86.Build.0 = Debug|Any CPU
		{63DF819E-0BF0-40EE-B94B-515BCF8041B9}.Release|Any CPU.ActiveCfg = Release|Any CPU
		{63DF819E-0BF0-40EE-B94B-515BCF8041B9}.Release|Any CPU.Build.0 = Release|Any CPU
		{63DF819E-0BF0-40EE-B94B-515BCF8041B9}.Release|x64.ActiveCfg = Release|Any CPU
		{63DF819E-0BF0-40EE-B94B-515BCF8041B9}.Release|x64.Build.0 = Release|Any CPU
		{63DF819E-0BF0-40EE-B94B-515BCF8041B9}.Release|x86.ActiveCfg = Release|Any CPU
		{63DF819E-0BF0-40EE-B94B-515BCF8041B9}.Release|x86.Build.0 = Release|Any CPU
		{5136DCA2-E485-4EB1-961C-AD3CC9593946}.Debug|Any CPU.ActiveCfg = Debug|Any CPU
		{5136DCA2-E485-4EB1-961C-AD3CC9593946}.Debug|Any CPU.Build.0 = Debug|Any CPU
		{5136DCA2-E485-4EB1-961C-AD3CC9593946}.Debug|x64.ActiveCfg = Debug|Any CPU
		{5136DCA2-E485-4EB1-961C-AD3CC9593946}.Debug|x64.Build.0 = Debug|Any CPU
		{5136DCA2-E485-4EB1-961C-AD3CC9593946}.Debug|x86.ActiveCfg = Debug|Any CPU
		{5136DCA2-E485-4EB1-961C-AD3CC9593946}.Debug|x86.Build.0 = Debug|Any CPU
		{5136DCA2-E485-4EB1-961C-AD3CC9593946}.Release|Any CPU.ActiveCfg = Release|Any CPU
		{5136DCA2-E485-4EB1-961C-AD3CC9593946}.Release|Any CPU.Build.0 = Release|Any CPU
		{5136DCA2-E485-4EB1-961C-AD3CC9593946}.Release|x64.ActiveCfg = Release|Any CPU
		{5136DCA2-E485-4EB1-961C-AD3CC9593946}.Release|x64.Build.0 = Release|Any CPU
		{5136DCA2-E485-4EB1-961C-AD3CC9593946}.Release|x86.ActiveCfg = Release|Any CPU
		{5136DCA2-E485-4EB1-961C-AD3CC9593946}.Release|x86.Build.0 = Release|Any CPU
		{251A7F28-0166-49BB-AC4C-F72004FE14CC}.Debug|Any CPU.ActiveCfg = Debug|Any CPU
		{251A7F28-0166-49BB-AC4C-F72004FE14CC}.Debug|Any CPU.Build.0 = Debug|Any CPU
		{251A7F28-0166-49BB-AC4C-F72004FE14CC}.Debug|x64.ActiveCfg = Debug|Any CPU
		{251A7F28-0166-49BB-AC4C-F72004FE14CC}.Debug|x64.Build.0 = Debug|Any CPU
		{251A7F28-0166-49BB-AC4C-F72004FE14CC}.Debug|x86.ActiveCfg = Debug|Any CPU
		{251A7F28-0166-49BB-AC4C-F72004FE14CC}.Debug|x86.Build.0 = Debug|Any CPU
		{251A7F28-0166-49BB-AC4C-F72004FE14CC}.Release|Any CPU.ActiveCfg = Release|Any CPU
		{251A7F28-0166-49BB-AC4C-F72004FE14CC}.Release|Any CPU.Build.0 = Release|Any CPU
		{251A7F28-0166-49BB-AC4C-F72004FE14CC}.Release|x64.ActiveCfg = Release|Any CPU
		{251A7F28-0166-49BB-AC4C-F72004FE14CC}.Release|x64.Build.0 = Release|Any CPU
		{251A7F28-0166-49BB-AC4C-F72004FE14CC}.Release|x86.ActiveCfg = Release|Any CPU
		{251A7F28-0166-49BB-AC4C-F72004FE14CC}.Release|x86.Build.0 = Release|Any CPU
		{47696446-67B1-4011-AF4F-AC742A60C7F6}.Debug|Any CPU.ActiveCfg = Debug|Any CPU
		{47696446-67B1-4011-AF4F-AC742A60C7F6}.Debug|Any CPU.Build.0 = Debug|Any CPU
		{47696446-67B1-4011-AF4F-AC742A60C7F6}.Debug|x64.ActiveCfg = Debug|Any CPU
		{47696446-67B1-4011-AF4F-AC742A60C7F6}.Debug|x64.Build.0 = Debug|Any CPU
		{47696446-67B1-4011-AF4F-AC742A60C7F6}.Debug|x86.ActiveCfg = Debug|Any CPU
		{47696446-67B1-4011-AF4F-AC742A60C7F6}.Debug|x86.Build.0 = Debug|Any CPU
		{47696446-67B1-4011-AF4F-AC742A60C7F6}.Release|Any CPU.ActiveCfg = Release|Any CPU
		{47696446-67B1-4011-AF4F-AC742A60C7F6}.Release|Any CPU.Build.0 = Release|Any CPU
		{47696446-67B1-4011-AF4F-AC742A60C7F6}.Release|x64.ActiveCfg = Release|Any CPU
		{47696446-67B1-4011-AF4F-AC742A60C7F6}.Release|x64.Build.0 = Release|Any CPU
		{47696446-67B1-4011-AF4F-AC742A60C7F6}.Release|x86.ActiveCfg = Release|Any CPU
		{47696446-67B1-4011-AF4F-AC742A60C7F6}.Release|x86.Build.0 = Release|Any CPU
		{AD9FB993-5657-464E-A3B4-D8163F1AF7C4}.Debug|Any CPU.ActiveCfg = Debug|Any CPU
		{AD9FB993-5657-464E-A3B4-D8163F1AF7C4}.Debug|Any CPU.Build.0 = Debug|Any CPU
		{AD9FB993-5657-464E-A3B4-D8163F1AF7C4}.Debug|x64.ActiveCfg = Debug|Any CPU
		{AD9FB993-5657-464E-A3B4-D8163F1AF7C4}.Debug|x64.Build.0 = Debug|Any CPU
		{AD9FB993-5657-464E-A3B4-D8163F1AF7C4}.Debug|x86.ActiveCfg = Debug|Any CPU
		{AD9FB993-5657-464E-A3B4-D8163F1AF7C4}.Debug|x86.Build.0 = Debug|Any CPU
		{AD9FB993-5657-464E-A3B4-D8163F1AF7C4}.Release|Any CPU.ActiveCfg = Release|Any CPU
		{AD9FB993-5657-464E-A3B4-D8163F1AF7C4}.Release|Any CPU.Build.0 = Release|Any CPU
		{AD9FB993-5657-464E-A3B4-D8163F1AF7C4}.Release|x64.ActiveCfg = Release|Any CPU
		{AD9FB993-5657-464E-A3B4-D8163F1AF7C4}.Release|x64.Build.0 = Release|Any CPU
		{AD9FB993-5657-464E-A3B4-D8163F1AF7C4}.Release|x86.ActiveCfg = Release|Any CPU
		{AD9FB993-5657-464E-A3B4-D8163F1AF7C4}.Release|x86.Build.0 = Release|Any CPU
	EndGlobalSection
	GlobalSection(SolutionProperties) = preSolution
		HideSolutionNode = FALSE
	EndGlobalSection
	GlobalSection(NestedProjects) = preSolution
		{44E5F5AC-4A34-4FFF-842C-DE76717D0997} = {B73801C2-972F-48CD-A47A-87A4544953E2}
		{32BA2907-C3CD-4957-88EE-C64FA6CFC7E3} = {056C07B9-CAD5-4F92-8A24-FBDFDCBA0DDD}
		{57388B94-C61A-48CA-B7B7-9E82233DB7ED} = {B73801C2-972F-48CD-A47A-87A4544953E2}
		{B2B802A5-04A4-4844-8A3E-CCEC78101C1C} = {056C07B9-CAD5-4F92-8A24-FBDFDCBA0DDD}
		{F65ECEEE-4461-48EE-98BE-003BBC716FC5} = {056C07B9-CAD5-4F92-8A24-FBDFDCBA0DDD}
		{F759DDF5-0852-4D3E-965C-13F5DDD6DA0B} = {056C07B9-CAD5-4F92-8A24-FBDFDCBA0DDD}
		{0092D58A-402D-43F5-A20C-B5BADE049CE8} = {B73801C2-972F-48CD-A47A-87A4544953E2}
		{610ADB4E-1975-44CF-A30B-53F96DF35704} = {B73801C2-972F-48CD-A47A-87A4544953E2}
		{6718197F-6C67-4534-9296-36E0F120EB47} = {B73801C2-972F-48CD-A47A-87A4544953E2}
		{9E980ECF-E1CF-4121-83D2-800441F98EF7} = {B73801C2-972F-48CD-A47A-87A4544953E2}
		{95F4D271-188F-48F9-BDB8-FD59BE4BFB30} = {056C07B9-CAD5-4F92-8A24-FBDFDCBA0DDD}
		{3EDF7A6B-C2D5-462C-898A-4293B3BE45D3} = {B73801C2-972F-48CD-A47A-87A4544953E2}
		{63DF819E-0BF0-40EE-B94B-515BCF8041B9} = {056C07B9-CAD5-4F92-8A24-FBDFDCBA0DDD}
		{5136DCA2-E485-4EB1-961C-AD3CC9593946} = {B73801C2-972F-48CD-A47A-87A4544953E2}
		{251A7F28-0166-49BB-AC4C-F72004FE14CC} = {056C07B9-CAD5-4F92-8A24-FBDFDCBA0DDD}
		{47696446-67B1-4011-AF4F-AC742A60C7F6} = {056C07B9-CAD5-4F92-8A24-FBDFDCBA0DDD}
		{AD9FB993-5657-464E-A3B4-D8163F1AF7C4} = {B73801C2-972F-48CD-A47A-87A4544953E2}
	EndGlobalSection
	GlobalSection(ExtensibilityGlobals) = postSolution
		SolutionGuid = {7573ED42-AA91-4C5A-8355-F60D23EC57B1}
	EndGlobalSection
EndGlobal
