
Microsoft Visual Studio Solution File, Format Version 12.00
# Visual Studio Version 17
VisualStudioVersion = 17.3.32922.545
MinimumVisualStudioVersion = 15.0.26124.0
Project("{2150E333-8FDC-42A3-9474-1A3956D46DE8}") = "src", "src", "{B73801C2-972F-48CD-A47A-87A4544953E2}"
EndProject
Project("{9A19103F-16F7-4668-BE54-9A1E7A4F7556}") = "Serilog.Sinks.InMemory", "src\Serilog.Sinks.InMemory\Serilog.Sinks.InMemory.csproj", "{44E5F5AC-4A34-4FFF-842C-DE76717D0997}"
EndProject
Project("{2150E333-8FDC-42A3-9474-1A3956D46DE8}") = "test", "test", "{056C07B9-CAD5-4F92-8A24-FBDFDCBA0DDD}"
EndProject
Project("{9A19103F-16F7-4668-BE54-9A1E7A4F7556}") = "Serilog.Sinks.InMemory.Tests.Unit", "test\Serilog.Sinks.InMemory.Tests.Unit\Serilog.Sinks.InMemory.Tests.Unit.csproj", "{32BA2907-C3CD-4957-88EE-C64FA6CFC7E3}"
EndProject
Project("{9A19103F-16F7-4668-BE54-9A1E7A4F7556}") = "Serilog.Sinks.InMemory.Assertions", "src\Serilog.Sinks.InMemory.Assertions\Serilog.Sinks.InMemory.Assertions.csproj", "{57388B94-C61A-48CA-B7B7-9E82233DB7ED}"
EndProject
Project("{9A19103F-16F7-4668-BE54-9A1E7A4F7556}") = "Serilog.Sinks.InMemory.Assertions.Tests.Unit.FluentAssertions5", "test\Serilog.Sinks.InMemory.Assertions.Tests.Unit.FluentAssertions5\Serilog.Sinks.InMemory.Assertions.Tests.Unit.FluentAssertions5.csproj", "{B2B802A5-04A4-4844-8A3E-CCEC78101C1C}"
EndProject
Project("{2150E333-8FDC-42A3-9474-1A3956D46DE8}") = "Solution Items", "Solution Items", "{14ACDCFC-205B-4918-AABC-4E97E46D8BD5}"
	ProjectSection(SolutionItems) = preProject
		Changelog.md = Changelog.md
		Directory.Build.props = Directory.Build.props
		README.md = README.md
	EndProjectSection
EndProject
Project("{9A19103F-16F7-4668-BE54-9A1E7A4F7556}") = "Serilog.Sinks.InMemory.Assertions.Tests.Unit.FluentAssertions6", "test\Serilog.Sinks.InMemory.Assertions.Tests.Unit.FluentAssertions6\Serilog.Sinks.InMemory.Assertions.Tests.Unit.FluentAssertions6.csproj", "{F65ECEEE-4461-48EE-98BE-003BBC716FC5}"
EndProject
Project("{FAE04EC0-301F-11D3-BF4B-00C04F79EFBC}") = "Serilog.Sinks.InMemory.Assertions.Tests.Unit.FluentAssertions8", "test\Serilog.Sinks.InMemory.Assertions.Tests.Unit.FluentAssertions8\Serilog.Sinks.InMemory.Assertions.Tests.Unit.FluentAssertions8.csproj", "{F759DDF5-0852-4D3E-965C-13F5DDD6DA0B}"
EndProject
Project("{FAE04EC0-301F-11D3-BF4B-00C04F79EFBC}") = "Serilog.Sinks.InMemory.FluentAssertions6", "src\Serilog.Sinks.InMemory.FluentAssertions6\Serilog.Sinks.InMemory.FluentAssertions6.csproj", "{0092D58A-402D-43F5-A20C-B5BADE049CE8}"
EndProject
Project("{FAE04EC0-301F-11D3-BF4B-00C04F79EFBC}") = "Serilog.Sinks.InMemory.FluentAssertions8", "src\Serilog.Sinks.InMemory.FluentAssertions8\Serilog.Sinks.InMemory.FluentAssertions8.csproj", "{610ADB4E-1975-44CF-A30B-53F96DF35704}"
EndProject
Project("{FAE04EC0-301F-11D3-BF4B-00C04F79EFBC}") = "Serilog.Sinks.InMemory.Assertions.Abstractions", "src\Serilog.Sinks.InMemory.Assertions.Abstractions\Serilog.Sinks.InMemory.Assertions.Abstractions.csproj", "{6718197F-6C67-4534-9296-36E0F120EB47}"
EndProject
Project("{FAE04EC0-301F-11D3-BF4B-00C04F79EFBC}") = "Serilog.Sinks.InMemory.FluentAssertions5", "src\Serilog.Sinks.InMemory.FluentAssertions5\Serilog.Sinks.InMemory.FluentAssertions5.csproj", "{9E980ECF-E1CF-4121-83D2-800441F98EF7}"
EndProject
Global
	GlobalSection(SolutionConfigurationPlatforms) = preSolution
		Debug|Any CPU = Debug|Any CPU
		Debug|x64 = Debug|x64
		Debug|x86 = Debug|x86
		Release|Any CPU = Release|Any CPU
		Release|x64 = Release|x64
		Release|x86 = Release|x86
	EndGlobalSection
	GlobalSection(ProjectConfigurationPlatforms) = postSolution
		{44E5F5AC-4A34-4FFF-842C-DE76717D0997}.Debug|Any CPU.ActiveCfg = Debug|Any CPU
		{44E5F5AC-4A34-4FFF-842C-DE76717D0997}.Debug|Any CPU.Build.0 = Debug|Any CPU
		{44E5F5AC-4A34-4FFF-842C-DE76717D0997}.Debug|x64.ActiveCfg = Debug|Any CPU
		{44E5F5AC-4A34-4FFF-842C-DE76717D0997}.Debug|x64.Build.0 = Debug|Any CPU
		{44E5F5AC-4A34-4FFF-842C-DE76717D0997}.Debug|x86.ActiveCfg = Debug|Any CPU
		{44E5F5AC-4A34-4FFF-842C-DE76717D0997}.Debug|x86.Build.0 = Debug|Any CPU
		{44E5F5AC-4A34-4FFF-842C-DE76717D0997}.Release|Any CPU.ActiveCfg = Release|Any CPU
		{44E5F5AC-4A34-4FFF-842C-DE76717D0997}.Release|Any CPU.Build.0 = Release|Any CPU
		{44E5F5AC-4A34-4FFF-842C-DE76717D0997}.Release|x64.ActiveCfg = Release|Any CPU
		{44E5F5AC-4A34-4FFF-842C-DE76717D0997}.Release|x64.Build.0 = Release|Any CPU
		{44E5F5AC-4A34-4FFF-842C-DE76717D0997}.Release|x86.ActiveCfg = Release|Any CPU
		{44E5F5AC-4A34-4FFF-842C-DE76717D0997}.Release|x86.Build.0 = Release|Any CPU
		{32BA2907-C3CD-4957-88EE-C64FA6CFC7E3}.Debug|Any CPU.ActiveCfg = Debug|Any CPU
		{32BA2907-C3CD-4957-88EE-C64FA6CFC7E3}.Debug|Any CPU.Build.0 = Debug|Any CPU
		{32BA2907-C3CD-4957-88EE-C64FA6CFC7E3}.Debug|x64.ActiveCfg = Debug|Any CPU
		{32BA2907-C3CD-4957-88EE-C64FA6CFC7E3}.Debug|x64.Build.0 = Debug|Any CPU
		{32BA2907-C3CD-4957-88EE-C64FA6CFC7E3}.Debug|x86.ActiveCfg = Debug|Any CPU
		{32BA2907-C3CD-4957-88EE-C64FA6CFC7E3}.Debug|x86.Build.0 = Debug|Any CPU
		{32BA2907-C3CD-4957-88EE-C64FA6CFC7E3}.Release|Any CPU.ActiveCfg = Release|Any CPU
		{32BA2907-C3CD-4957-88EE-C64FA6CFC7E3}.Release|Any CPU.Build.0 = Release|Any CPU
		{32BA2907-C3CD-4957-88EE-C64FA6CFC7E3}.Release|x64.ActiveCfg = Release|Any CPU
		{32BA2907-C3CD-4957-88EE-C64FA6CFC7E3}.Release|x64.Build.0 = Release|Any CPU
		{32BA2907-C3CD-4957-88EE-C64FA6CFC7E3}.Release|x86.ActiveCfg = Release|Any CPU
		{32BA2907-C3CD-4957-88EE-C64FA6CFC7E3}.Release|x86.Build.0 = Release|Any CPU
		{57388B94-C61A-48CA-B7B7-9E82233DB7ED}.Debug|Any CPU.ActiveCfg = Debug|Any CPU
		{57388B94-C61A-48CA-B7B7-9E82233DB7ED}.Debug|Any CPU.Build.0 = Debug|Any CPU
		{57388B94-C61A-48CA-B7B7-9E82233DB7ED}.Debug|x64.ActiveCfg = Debug|Any CPU
		{57388B94-C61A-48CA-B7B7-9E82233DB7ED}.Debug|x64.Build.0 = Debug|Any CPU
		{57388B94-C61A-48CA-B7B7-9E82233DB7ED}.Debug|x86.ActiveCfg = Debug|Any CPU
		{57388B94-C61A-48CA-B7B7-9E82233DB7ED}.Debug|x86.Build.0 = Debug|Any CPU
		{57388B94-C61A-48CA-B7B7-9E82233DB7ED}.Release|Any CPU.ActiveCfg = Release|Any CPU
		{57388B94-C61A-48CA-B7B7-9E82233DB7ED}.Release|Any CPU.Build.0 = Release|Any CPU
		{57388B94-C61A-48CA-B7B7-9E82233DB7ED}.Release|x64.ActiveCfg = Release|Any CPU
		{57388B94-C61A-48CA-B7B7-9E82233DB7ED}.Release|x64.Build.0 = Release|Any CPU
		{57388B94-C61A-48CA-B7B7-9E82233DB7ED}.Release|x86.ActiveCfg = Release|Any CPU
		{57388B94-C61A-48CA-B7B7-9E82233DB7ED}.Release|x86.Build.0 = Release|Any CPU
		{B2B802A5-04A4-4844-8A3E-CCEC78101C1C}.Debug|Any CPU.ActiveCfg = Debug|Any CPU
		{B2B802A5-04A4-4844-8A3E-CCEC78101C1C}.Debug|Any CPU.Build.0 = Debug|Any CPU
		{B2B802A5-04A4-4844-8A3E-CCEC78101C1C}.Debug|x64.ActiveCfg = Debug|Any CPU
		{B2B802A5-04A4-4844-8A3E-CCEC78101C1C}.Debug|x64.Build.0 = Debug|Any CPU
		{B2B802A5-04A4-4844-8A3E-CCEC78101C1C}.Debug|x86.ActiveCfg = Debug|Any CPU
		{B2B802A5-04A4-4844-8A3E-CCEC78101C1C}.Debug|x86.Build.0 = Debug|Any CPU
		{B2B802A5-04A4-4844-8A3E-CCEC78101C1C}.Release|Any CPU.ActiveCfg = Release|Any CPU
		{B2B802A5-04A4-4844-8A3E-CCEC78101C1C}.Release|Any CPU.Build.0 = Release|Any CPU
		{B2B802A5-04A4-4844-8A3E-CCEC78101C1C}.Release|x64.ActiveCfg = Release|Any CPU
		{B2B802A5-04A4-4844-8A3E-CCEC78101C1C}.Release|x64.Build.0 = Release|Any CPU
		{B2B802A5-04A4-4844-8A3E-CCEC78101C1C}.Release|x86.ActiveCfg = Release|Any CPU
		{B2B802A5-04A4-4844-8A3E-CCEC78101C1C}.Release|x86.Build.0 = Release|Any CPU
		{F65ECEEE-4461-48EE-98BE-003BBC716FC5}.Debug|Any CPU.ActiveCfg = Debug|Any CPU
		{F65ECEEE-4461-48EE-98BE-003BBC716FC5}.Debug|Any CPU.Build.0 = Debug|Any CPU
		{F65ECEEE-4461-48EE-98BE-003BBC716FC5}.Debug|x64.ActiveCfg = Debug|Any CPU
		{F65ECEEE-4461-48EE-98BE-003BBC716FC5}.Debug|x64.Build.0 = Debug|Any CPU
		{F65ECEEE-4461-48EE-98BE-003BBC716FC5}.Debug|x86.ActiveCfg = Debug|Any CPU
		{F65ECEEE-4461-48EE-98BE-003BBC716FC5}.Debug|x86.Build.0 = Debug|Any CPU
		{F65ECEEE-4461-48EE-98BE-003BBC716FC5}.Release|Any CPU.ActiveCfg = Release|Any CPU
		{F65ECEEE-4461-48EE-98BE-003BBC716FC5}.Release|Any CPU.Build.0 = Release|Any CPU
		{F65ECEEE-4461-48EE-98BE-003BBC716FC5}.Release|x64.ActiveCfg = Release|Any CPU
		{F65ECEEE-4461-48EE-98BE-003BBC716FC5}.Release|x64.Build.0 = Release|Any CPU
		{F65ECEEE-4461-48EE-98BE-003BBC716FC5}.Release|x86.ActiveCfg = Release|Any CPU
		{F65ECEEE-4461-48EE-98BE-003BBC716FC5}.Release|x86.Build.0 = Release|Any CPU
		{F759DDF5-0852-4D3E-965C-13F5DDD6DA0B}.Debug|Any CPU.ActiveCfg = Debug|Any CPU
		{F759DDF5-0852-4D3E-965C-13F5DDD6DA0B}.Debug|Any CPU.Build.0 = Debug|Any CPU
		{F759DDF5-0852-4D3E-965C-13F5DDD6DA0B}.Debug|x64.ActiveCfg = Debug|Any CPU
		{F759DDF5-0852-4D3E-965C-13F5DDD6DA0B}.Debug|x64.Build.0 = Debug|Any CPU
		{F759DDF5-0852-4D3E-965C-13F5DDD6DA0B}.Debug|x86.ActiveCfg = Debug|Any CPU
		{F759DDF5-0852-4D3E-965C-13F5DDD6DA0B}.Debug|x86.Build.0 = Debug|Any CPU
		{F759DDF5-0852-4D3E-965C-13F5DDD6DA0B}.Release|Any CPU.ActiveCfg = Release|Any CPU
		{F759DDF5-0852-4D3E-965C-13F5DDD6DA0B}.Release|Any CPU.Build.0 = Release|Any CPU
		{F759DDF5-0852-4D3E-965C-13F5DDD6DA0B}.Release|x64.ActiveCfg = Release|Any CPU
		{F759DDF5-0852-4D3E-965C-13F5DDD6DA0B}.Release|x64.Build.0 = Release|Any CPU
		{F759DDF5-0852-4D3E-965C-13F5DDD6DA0B}.Release|x86.ActiveCfg = Release|Any CPU
		{F759DDF5-0852-4D3E-965C-13F5DDD6DA0B}.Release|x86.Build.0 = Release|Any CPU
		{0092D58A-402D-43F5-A20C-B5BADE049CE8}.Debug|Any CPU.ActiveCfg = Debug|Any CPU
		{0092D58A-402D-43F5-A20C-B5BADE049CE8}.Debug|Any CPU.Build.0 = Debug|Any CPU
		{0092D58A-402D-43F5-A20C-B5BADE049CE8}.Debug|x64.ActiveCfg = Debug|Any CPU
		{0092D58A-402D-43F5-A20C-B5BADE049CE8}.Debug|x64.Build.0 = Debug|Any CPU
		{0092D58A-402D-43F5-A20C-B5BADE049CE8}.Debug|x86.ActiveCfg = Debug|Any CPU
		{0092D58A-402D-43F5-A20C-B5BADE049CE8}.Debug|x86.Build.0 = Debug|Any CPU
		{0092D58A-402D-43F5-A20C-B5BADE049CE8}.Release|Any CPU.ActiveCfg = Release|Any CPU
		{0092D58A-402D-43F5-A20C-B5BADE049CE8}.Release|Any CPU.Build.0 = Release|Any CPU
		{0092D58A-402D-43F5-A20C-B5BADE049CE8}.Release|x64.ActiveCfg = Release|Any CPU
		{0092D58A-402D-43F5-A20C-B5BADE049CE8}.Release|x64.Build.0 = Release|Any CPU
		{0092D58A-402D-43F5-A20C-B5BADE049CE8}.Release|x86.ActiveCfg = Release|Any CPU
		{0092D58A-402D-43F5-A20C-B5BADE049CE8}.Release|x86.Build.0 = Release|Any CPU
		{610ADB4E-1975-44CF-A30B-53F96DF35704}.Debug|Any CPU.ActiveCfg = Debug|Any CPU
		{610ADB4E-1975-44CF-A30B-53F96DF35704}.Debug|Any CPU.Build.0 = Debug|Any CPU
		{610ADB4E-1975-44CF-A30B-53F96DF35704}.Debug|x64.ActiveCfg = Debug|Any CPU
		{610ADB4E-1975-44CF-A30B-53F96DF35704}.Debug|x64.Build.0 = Debug|Any CPU
		{610ADB4E-1975-44CF-A30B-53F96DF35704}.Debug|x86.ActiveCfg = Debug|Any CPU
		{610ADB4E-1975-44CF-A30B-53F96DF35704}.Debug|x86.Build.0 = Debug|Any CPU
		{610ADB4E-1975-44CF-A30B-53F96DF35704}.Release|Any CPU.ActiveCfg = Release|Any CPU
		{610ADB4E-1975-44CF-A30B-53F96DF35704}.Release|Any CPU.Build.0 = Release|Any CPU
		{610ADB4E-1975-44CF-A30B-53F96DF35704}.Release|x64.ActiveCfg = Release|Any CPU
		{610ADB4E-1975-44CF-A30B-53F96DF35704}.Release|x64.Build.0 = Release|Any CPU
		{610ADB4E-1975-44CF-A30B-53F96DF35704}.Release|x86.ActiveCfg = Release|Any CPU
		{610ADB4E-1975-44CF-A30B-53F96DF35704}.Release|x86.Build.0 = Release|Any CPU
		{6718197F-6C67-4534-9296-36E0F120EB47}.Debug|Any CPU.ActiveCfg = Debug|Any CPU
		{6718197F-6C67-4534-9296-36E0F120EB47}.Debug|Any CPU.Build.0 = Debug|Any CPU
		{6718197F-6C67-4534-9296-36E0F120EB47}.Debug|x64.ActiveCfg = Debug|Any CPU
		{6718197F-6C67-4534-9296-36E0F120EB47}.Debug|x64.Build.0 = Debug|Any CPU
		{6718197F-6C67-4534-9296-36E0F120EB47}.Debug|x86.ActiveCfg = Debug|Any CPU
		{6718197F-6C67-4534-9296-36E0F120EB47}.Debug|x86.Build.0 = Debug|Any CPU
		{6718197F-6C67-4534-9296-36E0F120EB47}.Release|Any CPU.ActiveCfg = Release|Any CPU
		{6718197F-6C67-4534-9296-36E0F120EB47}.Release|Any CPU.Build.0 = Release|Any CPU
		{6718197F-6C67-4534-9296-36E0F120EB47}.Release|x64.ActiveCfg = Release|Any CPU
		{6718197F-6C67-4534-9296-36E0F120EB47}.Release|x64.Build.0 = Release|Any CPU
		{6718197F-6C67-4534-9296-36E0F120EB47}.Release|x86.ActiveCfg = Release|Any CPU
		{6718197F-6C67-4534-9296-36E0F120EB47}.Release|x86.Build.0 = Release|Any CPU
		{9E980ECF-E1CF-4121-83D2-800441F98EF7}.Debug|Any CPU.ActiveCfg = Debug|Any CPU
		{9E980ECF-E1CF-4121-83D2-800441F98EF7}.Debug|Any CPU.Build.0 = Debug|Any CPU
		{9E980ECF-E1CF-4121-83D2-800441F98EF7}.Debug|x64.ActiveCfg = Debug|Any CPU
		{9E980ECF-E1CF-4121-83D2-800441F98EF7}.Debug|x64.Build.0 = Debug|Any CPU
		{9E980ECF-E1CF-4121-83D2-800441F98EF7}.Debug|x86.ActiveCfg = Debug|Any CPU
		{9E980ECF-E1CF-4121-83D2-800441F98EF7}.Debug|x86.Build.0 = Debug|Any CPU
		{9E980ECF-E1CF-4121-83D2-800441F98EF7}.Release|Any CPU.ActiveCfg = Release|Any CPU
		{9E980ECF-E1CF-4121-83D2-800441F98EF7}.Release|Any CPU.Build.0 = Release|Any CPU
		{9E980ECF-E1CF-4121-83D2-800441F98EF7}.Release|x64.ActiveCfg = Release|Any CPU
		{9E980ECF-E1CF-4121-83D2-800441F98EF7}.Release|x64.Build.0 = Release|Any CPU
		{9E980ECF-E1CF-4121-83D2-800441F98EF7}.Release|x86.ActiveCfg = Release|Any CPU
		{9E980ECF-E1CF-4121-83D2-800441F98EF7}.Release|x86.Build.0 = Release|Any CPU
	EndGlobalSection
	GlobalSection(SolutionProperties) = preSolution
		HideSolutionNode = FALSE
	EndGlobalSection
	GlobalSection(NestedProjects) = preSolution
		{44E5F5AC-4A34-4FFF-842C-DE76717D0997} = {B73801C2-972F-48CD-A47A-87A4544953E2}
		{32BA2907-C3CD-4957-88EE-C64FA6CFC7E3} = {056C07B9-CAD5-4F92-8A24-FBDFDCBA0DDD}
		{57388B94-C61A-48CA-B7B7-9E82233DB7ED} = {B73801C2-972F-48CD-A47A-87A4544953E2}
		{B2B802A5-04A4-4844-8A3E-CCEC78101C1C} = {056C07B9-CAD5-4F92-8A24-FBDFDCBA0DDD}
		{F65ECEEE-4461-48EE-98BE-003BBC716FC5} = {056C07B9-CAD5-4F92-8A24-FBDFDCBA0DDD}
		{F759DDF5-0852-4D3E-965C-13F5DDD6DA0B} = {056C07B9-CAD5-4F92-8A24-FBDFDCBA0DDD}
		{0092D58A-402D-43F5-A20C-B5BADE049CE8} = {B73801C2-972F-48CD-A47A-87A4544953E2}
		{610ADB4E-1975-44CF-A30B-53F96DF35704} = {B73801C2-972F-48CD-A47A-87A4544953E2}
		{6718197F-6C67-4534-9296-36E0F120EB47} = {B73801C2-972F-48CD-A47A-87A4544953E2}
		{9E980ECF-E1CF-4121-83D2-800441F98EF7} = {B73801C2-972F-48CD-A47A-87A4544953E2}
	EndGlobalSection
	GlobalSection(ExtensibilityGlobals) = postSolution
		SolutionGuid = {7573ED42-AA91-4C5A-8355-F60D23EC57B1}
	EndGlobalSection
EndGlobal
